
Microsoft Visual Studio Solution File, Format Version 12.00
# Visual Studio Version 16
VisualStudioVersion = 16.0.30717.126
MinimumVisualStudioVersion = 10.0.40219.1
Project("{2150E333-8FDC-42A3-9474-1A3956D46DE8}") = "CS7", "CS7", "{AD753149-AF73-4D67-A48A-E6D851ADA3E5}"
EndProject
Project("{FAE04EC0-301F-11D3-BF4B-00C04F79EFBC}") = "TypePatternMatching001", "TypePatternMatching001\TypePatternMatching001.csproj", "{77022925-4AC8-471B-BBA8-DBEBB1A049AD}"
EndProject
Project("{FAE04EC0-301F-11D3-BF4B-00C04F79EFBC}") = "TypePatternMatching002", "TypePatternMatching002\TypePatternMatching002.csproj", "{97E34BF3-2337-42E4-BF6F-5BE4C1CC87D0}"
EndProject
Project("{2150E333-8FDC-42A3-9474-1A3956D46DE8}") = "CS8", "CS8", "{68D4F8F3-6201-4AB2-99C8-5724AF49AE8E}"
EndProject
Project("{FAE04EC0-301F-11D3-BF4B-00C04F79EFBC}") = "TypePatternMatching003", "TypePatternMatching003\TypePatternMatching003.csproj", "{B7B3F832-878D-43C2-9C92-87E771E78C66}"
EndProject
Project("{9A19103F-16F7-4668-BE54-9A1E7A4F7556}") = "SwitchExpression", "SwitchExpression\SwitchExpression.csproj", "{59DB6177-BC0C-4919-AD18-22E4FA0002D2}"
EndProject
Project("{9A19103F-16F7-4668-BE54-9A1E7A4F7556}") = "SwitchExpressionWithWhen", "SwitchExpressionWithWhen\SwitchExpressionWithWhen.csproj", "{196FC4D5-D0EE-42B4-A4D7-23D30F7198B6}"
EndProject
Project("{9A19103F-16F7-4668-BE54-9A1E7A4F7556}") = "TuplePatternMatching001", "TuplePatternMatching001\TuplePatternMatching001.csproj", "{B836BB30-44B0-423D-A68C-0BFFA3AE60EC}"
EndProject
Project("{9A19103F-16F7-4668-BE54-9A1E7A4F7556}") = "PositionPatternMatching001", "PositionPatternMatching001\PositionPatternMatching001.csproj", "{A36A24E4-E192-4DCD-8554-71544188B51B}"
EndProject
Project("{9A19103F-16F7-4668-BE54-9A1E7A4F7556}") = "PropertyPatternMatching001", "PropertyPatternMatching001\PropertyPatternMatching001.csproj", "{FA5A0846-EF4B-41CB-A953-110D9AE47AA6}"
EndProject
Project("{2150E333-8FDC-42A3-9474-1A3956D46DE8}") = "CS9", "CS9", "{0F33B97A-C7C0-4BE1-8373-836FF95C689D}"
EndProject
Project("{9A19103F-16F7-4668-BE54-9A1E7A4F7556}") = "RelationalPatternMatching001", "RelationalPatternMatching001\RelationalPatternMatching001.csproj", "{D5D36901-C472-43DC-BD04-F1E4CD515B99}"
EndProject
Project("{FAE04EC0-301F-11D3-BF4B-00C04F79EFBC}") = "LogicalPatternMatching001", "LogicalPatternMatching001\LogicalPatternMatching001.csproj", "{0DB79C48-8374-46CF-A5B8-6F95B94D31FB}"
EndProject
Project("{FAE04EC0-301F-11D3-BF4B-00C04F79EFBC}") = "NotPatternMatching001", "NotPatternMatching001\NotPatternMatching001.csproj", "{52098C9A-9AD5-491D-B157-44E70D3405C3}"
EndProject
Project("{FAE04EC0-301F-11D3-BF4B-00C04F79EFBC}") = "SimpleTypePatternMatching001", "SimpleTypePatternMatching001\SimpleTypePatternMatching001.csproj", "{33F0B65E-D286-4DC2-86CF-EFE27518C574}"
EndProject
Project("{FAE04EC0-301F-11D3-BF4B-00C04F79EFBC}") = "MixedPatternMatching001", "MixedPatternMatching001\MixedPatternMatching001.csproj", "{B980D2EA-50CF-48DB-8B47-1AD43DE11451}"
EndProject
Global
	GlobalSection(SolutionConfigurationPlatforms) = preSolution
		Debug|Any CPU = Debug|Any CPU
		Release|Any CPU = Release|Any CPU
	EndGlobalSection
	GlobalSection(ProjectConfigurationPlatforms) = postSolution
		{77022925-4AC8-471B-BBA8-DBEBB1A049AD}.Debug|Any CPU.ActiveCfg = Debug|Any CPU
		{77022925-4AC8-471B-BBA8-DBEBB1A049AD}.Debug|Any CPU.Build.0 = Debug|Any CPU
		{77022925-4AC8-471B-BBA8-DBEBB1A049AD}.Release|Any CPU.ActiveCfg = Release|Any CPU
		{77022925-4AC8-471B-BBA8-DBEBB1A049AD}.Release|Any CPU.Build.0 = Release|Any CPU
		{97E34BF3-2337-42E4-BF6F-5BE4C1CC87D0}.Debug|Any CPU.ActiveCfg = Debug|Any CPU
		{97E34BF3-2337-42E4-BF6F-5BE4C1CC87D0}.Debug|Any CPU.Build.0 = Debug|Any CPU
		{97E34BF3-2337-42E4-BF6F-5BE4C1CC87D0}.Release|Any CPU.ActiveCfg = Release|Any CPU
		{97E34BF3-2337-42E4-BF6F-5BE4C1CC87D0}.Release|Any CPU.Build.0 = Release|Any CPU
		{B7B3F832-878D-43C2-9C92-87E771E78C66}.Debug|Any CPU.ActiveCfg = Debug|Any CPU
		{B7B3F832-878D-43C2-9C92-87E771E78C66}.Debug|Any CPU.Build.0 = Debug|Any CPU
		{B7B3F832-878D-43C2-9C92-87E771E78C66}.Release|Any CPU.ActiveCfg = Release|Any CPU
		{B7B3F832-878D-43C2-9C92-87E771E78C66}.Release|Any CPU.Build.0 = Release|Any CPU
		{59DB6177-BC0C-4919-AD18-22E4FA0002D2}.Debug|Any CPU.ActiveCfg = Debug|Any CPU
		{59DB6177-BC0C-4919-AD18-22E4FA0002D2}.Debug|Any CPU.Build.0 = Debug|Any CPU
		{59DB6177-BC0C-4919-AD18-22E4FA0002D2}.Release|Any CPU.ActiveCfg = Release|Any CPU
		{59DB6177-BC0C-4919-AD18-22E4FA0002D2}.Release|Any CPU.Build.0 = Release|Any CPU
		{196FC4D5-D0EE-42B4-A4D7-23D30F7198B6}.Debug|Any CPU.ActiveCfg = Debug|Any CPU
		{196FC4D5-D0EE-42B4-A4D7-23D30F7198B6}.Debug|Any CPU.Build.0 = Debug|Any CPU
		{196FC4D5-D0EE-42B4-A4D7-23D30F7198B6}.Release|Any CPU.ActiveCfg = Release|Any CPU
		{196FC4D5-D0EE-42B4-A4D7-23D30F7198B6}.Release|Any CPU.Build.0 = Release|Any CPU
		{B836BB30-44B0-423D-A68C-0BFFA3AE60EC}.Debug|Any CPU.ActiveCfg = Debug|Any CPU
		{B836BB30-44B0-423D-A68C-0BFFA3AE60EC}.Debug|Any CPU.Build.0 = Debug|Any CPU
		{B836BB30-44B0-423D-A68C-0BFFA3AE60EC}.Release|Any CPU.ActiveCfg = Release|Any CPU
		{B836BB30-44B0-423D-A68C-0BFFA3AE60EC}.Release|Any CPU.Build.0 = Release|Any CPU
		{A36A24E4-E192-4DCD-8554-71544188B51B}.Debug|Any CPU.ActiveCfg = Debug|Any CPU
		{A36A24E4-E192-4DCD-8554-71544188B51B}.Debug|Any CPU.Build.0 = Debug|Any CPU
		{A36A24E4-E192-4DCD-8554-71544188B51B}.Release|Any CPU.ActiveCfg = Release|Any CPU
		{A36A24E4-E192-4DCD-8554-71544188B51B}.Release|Any CPU.Build.0 = Release|Any CPU
		{FA5A0846-EF4B-41CB-A953-110D9AE47AA6}.Debug|Any CPU.ActiveCfg = Debug|Any CPU
		{FA5A0846-EF4B-41CB-A953-110D9AE47AA6}.Debug|Any CPU.Build.0 = Debug|Any CPU
		{FA5A0846-EF4B-41CB-A953-110D9AE47AA6}.Release|Any CPU.ActiveCfg = Release|Any CPU
		{FA5A0846-EF4B-41CB-A953-110D9AE47AA6}.Release|Any CPU.Build.0 = Release|Any CPU
		{D5D36901-C472-43DC-BD04-F1E4CD515B99}.Debug|Any CPU.ActiveCfg = Debug|Any CPU
		{D5D36901-C472-43DC-BD04-F1E4CD515B99}.Debug|Any CPU.Build.0 = Debug|Any CPU
		{D5D36901-C472-43DC-BD04-F1E4CD515B99}.Release|Any CPU.ActiveCfg = Release|Any CPU
		{D5D36901-C472-43DC-BD04-F1E4CD515B99}.Release|Any CPU.Build.0 = Release|Any CPU
		{0DB79C48-8374-46CF-A5B8-6F95B94D31FB}.Debug|Any CPU.ActiveCfg = Debug|Any CPU
		{0DB79C48-8374-46CF-A5B8-6F95B94D31FB}.Debug|Any CPU.Build.0 = Debug|Any CPU
		{0DB79C48-8374-46CF-A5B8-6F95B94D31FB}.Release|Any CPU.ActiveCfg = Release|Any CPU
		{0DB79C48-8374-46CF-A5B8-6F95B94D31FB}.Release|Any CPU.Build.0 = Release|Any CPU
		{52098C9A-9AD5-491D-B157-44E70D3405C3}.Debug|Any CPU.ActiveCfg = Debug|Any CPU
		{52098C9A-9AD5-491D-B157-44E70D3405C3}.Debug|Any CPU.Build.0 = Debug|Any CPU
		{52098C9A-9AD5-491D-B157-44E70D3405C3}.Release|Any CPU.ActiveCfg = Release|Any CPU
		{52098C9A-9AD5-491D-B157-44E70D3405C3}.Release|Any CPU.Build.0 = Release|Any CPU
		{33F0B65E-D286-4DC2-86CF-EFE27518C574}.Debug|Any CPU.ActiveCfg = Debug|Any CPU
		{33F0B65E-D286-4DC2-86CF-EFE27518C574}.Debug|Any CPU.Build.0 = Debug|Any CPU
		{33F0B65E-D286-4DC2-86CF-EFE27518C574}.Release|Any CPU.ActiveCfg = Release|Any CPU
		{33F0B65E-D286-4DC2-86CF-EFE27518C574}.Release|Any CPU.Build.0 = Release|Any CPU
		{B980D2EA-50CF-48DB-8B47-1AD43DE11451}.Debug|Any CPU.ActiveCfg = Debug|Any CPU
		{B980D2EA-50CF-48DB-8B47-1AD43DE11451}.Debug|Any CPU.Build.0 = Debug|Any CPU
		{B980D2EA-50CF-48DB-8B47-1AD43DE11451}.Release|Any CPU.ActiveCfg = Release|Any CPU
		{B980D2EA-50CF-48DB-8B47-1AD43DE11451}.Release|Any CPU.Build.0 = Release|Any CPU
	EndGlobalSection
	GlobalSection(SolutionProperties) = preSolution
		HideSolutionNode = FALSE
	EndGlobalSection
	GlobalSection(NestedProjects) = preSolution
		{77022925-4AC8-471B-BBA8-DBEBB1A049AD} = {AD753149-AF73-4D67-A48A-E6D851ADA3E5}
		{97E34BF3-2337-42E4-BF6F-5BE4C1CC87D0} = {AD753149-AF73-4D67-A48A-E6D851ADA3E5}
		{B7B3F832-878D-43C2-9C92-87E771E78C66} = {AD753149-AF73-4D67-A48A-E6D851ADA3E5}
		{59DB6177-BC0C-4919-AD18-22E4FA0002D2} = {68D4F8F3-6201-4AB2-99C8-5724AF49AE8E}
		{196FC4D5-D0EE-42B4-A4D7-23D30F7198B6} = {68D4F8F3-6201-4AB2-99C8-5724AF49AE8E}
		{B836BB30-44B0-423D-A68C-0BFFA3AE60EC} = {68D4F8F3-6201-4AB2-99C8-5724AF49AE8E}
		{A36A24E4-E192-4DCD-8554-71544188B51B} = {68D4F8F3-6201-4AB2-99C8-5724AF49AE8E}
		{FA5A0846-EF4B-41CB-A953-110D9AE47AA6} = {68D4F8F3-6201-4AB2-99C8-5724AF49AE8E}
		{D5D36901-C472-43DC-BD04-F1E4CD515B99} = {0F33B97A-C7C0-4BE1-8373-836FF95C689D}
		{0DB79C48-8374-46CF-A5B8-6F95B94D31FB} = {0F33B97A-C7C0-4BE1-8373-836FF95C689D}
		{52098C9A-9AD5-491D-B157-44E70D3405C3} = {0F33B97A-C7C0-4BE1-8373-836FF95C689D}
		{33F0B65E-D286-4DC2-86CF-EFE27518C574} = {0F33B97A-C7C0-4BE1-8373-836FF95C689D}
		{B980D2EA-50CF-48DB-8B47-1AD43DE11451} = {68D4F8F3-6201-4AB2-99C8-5724AF49AE8E}
	EndGlobalSection
	GlobalSection(ExtensibilityGlobals) = postSolution
		SolutionGuid = {A985357E-364C-4979-8C61-44D58086BF0B}
	EndGlobalSection
EndGlobal
